
Microsoft Visual Studio Solution File, Format Version 12.00
# Visual Studio 14
VisualStudioVersion = 14.0.25420.1
MinimumVisualStudioVersion = 10.0.40219.1
Project("{FAE04EC0-301F-11D3-BF4B-00C04F79EFBC}") = "AnimalEnclosure", "AnimalEnclosure\AnimalEnclosure.csproj", "{E762DF9D-E433-4307-9FF0-3EBF5C392A95}"
EndProject
Global
	GlobalSection(SolutionConfigurationPlatforms) = preSolution
		Debug|Any CPU = Debug|Any CPU
		Release|Any CPU = Release|Any CPU
	EndGlobalSection
	GlobalSection(ProjectConfigurationPlatforms) = postSolution
		{E762DF9D-E433-4307-9FF0-3EBF5C392A95}.Debug|Any CPU.ActiveCfg = Debug|Any CPU
		{E762DF9D-E433-4307-9FF0-3EBF5C392A95}.Debug|Any CPU.Build.0 = Debug|Any CPU
		{E762DF9D-E433-4307-9FF0-3EBF5C392A95}.Release|Any CPU.ActiveCfg = Release|Any CPU
		{E762DF9D-E433-4307-9FF0-3EBF5C392A95}.Release|Any CPU.Build.0 = Release|Any CPU
	EndGlobalSection
	GlobalSection(SolutionProperties) = preSolution
		HideSolutionNode = FALSE
	EndGlobalSection
EndGlobal
